github.com/iron-io/iron_go v0.0.0-20180607082653-56e218bf01ba h1:uJkZ/5LX/p25gzVlR+f00jkTfP7/clvtU312ktrzuLE=
github.com/iron-io/iron_go v0.0.0-20180607082653-56e218bf01ba/go.mod h1:YRnbPuArkfwfQmiS5qklYegv9Y1gHTv7H3T9smLDRNA=
github.com/jeffh/go.bdd v0.0.0-20120717032931-88f798ee0c74 h1:gyfyP8SEIZHs1u2ivTdIbWRtfaKbg5K79d06vnqroJo=
github.com/jeffh/go.bdd v0.0.0-20120717032931-88f798ee0c74/go.mod h1:qNa9FlAfO0U/qNkzYBMH1JKYRMzC+sP9IcyV4U18l98=
